
Microsoft Visual Studio Solution File, Format Version 12.00
# Visual Studio Version 17
VisualStudioVersion = 17.13.35825.156 d17.13
MinimumVisualStudioVersion = 10.0.40219.1
Project("{FAE04EC0-301F-11D3-BF4B-00C04F79EFBC}") = "BotTest", "BotTest\BotTest.csproj", "{361E4BC8-E51A-49AA-9461-BA26342A70F1}"
EndProject
Global
	GlobalSection(SolutionConfigurationPlatforms) = preSolution
		Debug|Any CPU = Debug|Any CPU
		Release|Any CPU = Release|Any CPU
	EndGlobalSection
	GlobalSection(ProjectConfigurationPlatforms) = postSolution
		{361E4BC8-E51A-49AA-9461-BA26342A70F1}.Debug|Any CPU.ActiveCfg = Debug|Any CPU
		{361E4BC8-E51A-49AA-9461-BA26342A70F1}.Debug|Any CPU.Build.0 = Debug|Any CPU
		{361E4BC8-E51A-49AA-9461-BA26342A70F1}.Release|Any CPU.ActiveCfg = Release|Any CPU
		{361E4BC8-E51A-49AA-9461-BA26342A70F1}.Release|Any CPU.Build.0 = Release|Any CPU
	EndGlobalSection
	GlobalSection(SolutionProperties) = preSolution
		HideSolutionNode = FALSE
	EndGlobalSection
	GlobalSection(ExtensibilityGlobals) = postSolution
		SolutionGuid = {839116E2-2870-49DE-B298-048377214BB4}
	EndGlobalSection
EndGlobal
